
Microsoft Visual Studio Solution File, Format Version 12.00
# Visual Studio Version 17
VisualStudioVersion = 17.7.34009.444
MinimumVisualStudioVersion = 10.0.40219.1
Project("{FAE04EC0-301F-11D3-BF4B-00C04F79EFBC}") = "LTSRotatos", "LTSRotatos.csproj", "{CC53D8C5-D6B8-4E77-B658-0DF65F2BF05C}"
EndProject
Global
	GlobalSection(SolutionConfigurationPlatforms) = preSolution
		Debug|Any CPU = Debug|Any CPU
		Release|Any CPU = Release|Any CPU
	EndGlobalSection
	GlobalSection(ProjectConfigurationPlatforms) = postSolution
		{CC53D8C5-D6B8-4E77-B658-0DF65F2BF05C}.Debug|Any CPU.ActiveCfg = Debug|Any CPU
		{CC53D8C5-D6B8-4E77-B658-0DF65F2BF05C}.Debug|Any CPU.Build.0 = Debug|Any CPU
		{CC53D8C5-D6B8-4E77-B658-0DF65F2BF05C}.Release|Any CPU.ActiveCfg = Release|Any CPU
		{CC53D8C5-D6B8-4E77-B658-0DF65F2BF05C}.Release|Any CPU.Build.0 = Release|Any CPU
	EndGlobalSection
	GlobalSection(SolutionProperties) = preSolution
		HideSolutionNode = FALSE
	EndGlobalSection
	GlobalSection(ExtensibilityGlobals) = postSolution
		SolutionGuid = {56C66F63-1580-45AC-86A3-59180D467F5F}
	EndGlobalSection
EndGlobal
